<?xml version="1.0" encoding="utf-8"?>
<Project ToolsVersion="4.0" xmlns="http://schemas.microsoft.com/developer/msbuild/2003">
  <ItemGroup>
    <Filter Include="Source Files">
      <UniqueIdentifier>{4FC737F1-C7A5-4376-A066-2A32D752A2FF}</UniqueIdentifier>
      <Extensions>cpp;c;cc;cxx;def;odl;idl;hpj;bat;asm;asmx</Extensions>
    </Filter>
    <Filter Include="Header Files">
      <UniqueIdentifier>{93995380-89BD-4b04-88EB-625FBE52EBFB}</UniqueIdentifier>
      <Extensions>h;hh;hpp;hxx;hm;inl;inc;xsd</Extensions>
    </Filter>
    <Filter Include="Resource Files">
      <UniqueIdentifier>{67DA6AB6-F800-4c08-8B7A-83BB121AAD01}</UniqueIdentifier>
      <Extensions>rc;ico;cur;bmp;dlg;rc2;rct;bin;rgs;gif;jpg;jpeg;jpe;resx;tiff;tif;png;wav;mfcribbon-ms</Extensions>
    </Filter>
  </ItemGroup>
  <ItemGroup>
    <ClInclude Include="headers\Runner.h">
      <Filter>Header Files</Filter>
    </ClInclude>
    <ClInclude Include="headers\Exceptions.h">
      <Filter>Header Files</Filter>
    </ClInclude>
    <ClInclude Include="headers\cppincl.h">
      <Filter>Header Files</Filter>
    </ClInclude>
    <ClInclude Include="headers\DerivedException.h">
      <Filter>Header Files</Filter>
    </ClInclude>
    <ClInclude Include="headers\SubclassExceptions.h">
      <Filter>Header Files</Filter>
    </ClInclude>
    <ClInclude Include="headers\CreateFile.h">
      <Filter>Header Files</Filter>
    </ClInclude>
    <ClInclude Include="headers\ReadFile.h">
      <Filter>Header Files</Filter>
    </ClInclude>
    <ClInclude Include="headers\ParseFile.h">
      <Filter>Header Files</Filter>
    </ClInclude>
    <ClInclude Include="headers\BinaryFileAndPadding.h">
      <Filter>Header Files</Filter>
    </ClInclude>
    <ClInclude Include="headers\Vectors.h">
      <Filter>Header Files</Filter>
    </ClInclude>
    <ClInclude Include="headers\VectorsMemory.h">
      <Filter>Header Files</Filter>
    </ClInclude>
    <ClInclude Include="headers\TwoDimVectors.h">
      <Filter>Header Files</Filter>
    </ClInclude>
    <ClInclude Include="headers\List.h">
      <Filter>Header Files</Filter>
    </ClInclude>
    <ClInclude Include="headers\Maps.h">
      <Filter>Header Files</Filter>
    </ClInclude>
    <ClInclude Include="headers\MapCustomValue.h">
      <Filter>Header Files</Filter>
    </ClInclude>
    <ClInclude Include="headers\MapCustomKey.h">
      <Filter>Header Files</Filter>
    </ClInclude>
    <ClInclude Include="headers\MultiMap.h">
      <Filter>Header Files</Filter>
    </ClInclude>
    <ClInclude Include="headers\Set.h">
      <Filter>Header Files</Filter>
    </ClInclude>
    <ClInclude Include="headers\StacksAndQueues.h">
      <Filter>Header Files</Filter>
    </ClInclude>
    <ClInclude Include="headers\SortVectors.h">
      <Filter>Header Files</Filter>
    </ClInclude>
    <ClInclude Include="headers\AssignmentOperator.h">
      <Filter>Header Files</Filter>
    </ClInclude>
    <ClInclude Include="headers\InsertionOperator.h">
      <Filter>Header Files</Filter>
    </ClInclude>
    <ClInclude Include="headers\ComplexNumber.h">
      <Filter>Header Files</Filter>
    </ClInclude>
    <ClInclude Include="headers\Templates.h">
      <Filter>Header Files</Filter>
    </ClInclude>
    <ClInclude Include="headers\UsingTemplates.h">
      <Filter>Header Files</Filter>
    </ClInclude>
    <ClInclude Include="headers\FunctionPointers.h">
      <Filter>Header Files</Filter>
    </ClInclude>
    <ClInclude Include="headers\SlicingPoly.h">
      <Filter>Header Files</Filter>
    </ClInclude>
    <ClInclude Include="headers\AbstractPureVirtual.h">
      <Filter>Header Files</Filter>
    </ClInclude>
    <ClInclude Include="headers\Functors.h">
      <Filter>Header Files</Filter>
    </ClInclude>
    <ClInclude Include="headers\TypesMangling.h">
      <Filter>Header Files</Filter>
    </ClInclude>
    <ClInclude Include="headers\AutoKeyword.h">
      <Filter>Header Files</Filter>
    </ClInclude>
    <ClInclude Include="headers\NestedTemplateClass.h">
      <Filter>Header Files</Filter>
    </ClInclude>
    <ClInclude Include="headers\NestedTemplates.h">
      <Filter>Header Files</Filter>
    </ClInclude>
    <ClInclude Include="headers\Initializations.h">
      <Filter>Header Files</Filter>
    </ClInclude>
    <ClInclude Include="headers\InitializerList.h">
      <Filter>Header Files</Filter>
    </ClInclude>
    <ClInclude Include="headers\ObjectInitDefaultDelete.h">
      <Filter>Header Files</Filter>
    </ClInclude>
    <ClInclude Include="headers\Lambdas.h">
      <Filter>Header Files</Filter>
    </ClInclude>
    <ClInclude Include="headers\StandardFunction.h">
      <Filter>Header Files</Filter>
    </ClInclude>
    <ClInclude Include="headers\DelegatingConstructor.h">
      <Filter>Header Files</Filter>
    </ClInclude>
    <ClInclude Include="headers\Elision.h">
      <Filter>Header Files</Filter>
    </ClInclude>
    <ClInclude Include="headers\MemoryMgmt.h">
      <Filter>Header Files</Filter>
    </ClInclude>
    <ClInclude Include="headers\MoveConstructors.h">
      <Filter>Header Files</Filter>
    </ClInclude>
    <ClInclude Include="headers\Casts.h">
      <Filter>Header Files</Filter>
    </ClInclude>
    <ClInclude Include="headers\PerfectForwarding.h">
      <Filter>Header Files</Filter>
    </ClInclude>
    <ClInclude Include="headers\Bind.h">
      <Filter>Header Files</Filter>
    </ClInclude>
    <ClInclude Include="headers\SmartPointers.h">
      <Filter>Header Files</Filter>
    </ClInclude>
    <ClInclude Include="headers\SharedPointers.h">
      <Filter>Header Files</Filter>
    </ClInclude>
    <ClInclude Include="headers\MultipleInheritance.h">
      <Filter>Header Files</Filter>
    </ClInclude>
  </ItemGroup>
  <ItemGroup>
    <ClCompile Include="src\Runner.cpp">
      <Filter>Source Files</Filter>
    </ClCompile>
    <ClCompile Include="src\files\BinaryFileAndPadding.cpp">
      <Filter>Source Files</Filter>
    </ClCompile>
    <ClCompile Include="src\files\CreateFile.cpp">
      <Filter>Source Files</Filter>
    </ClCompile>
    <ClCompile Include="src\exceptions\Exceptions.cpp">
      <Filter>Source Files</Filter>
    </ClCompile>
    <ClCompile Include="src\exceptions\DerivedException.cpp">
      <Filter>Source Files</Filter>
    </ClCompile>
    <ClCompile Include="src\files\ParseFile.cpp">
      <Filter>Source Files</Filter>
    </ClCompile>
    <ClCompile Include="src\files\ReadFile.cpp">
      <Filter>Source Files</Filter>
    </ClCompile>
    <ClCompile Include="src\exceptions\SubclassExceptions.cpp">
      <Filter>Source Files</Filter>
    </ClCompile>
    <ClCompile Include="src\stl\Vectors.cpp">
      <Filter>Source Files</Filter>
    </ClCompile>
    <ClCompile Include="src\stl\VectorsMemory.cpp">
      <Filter>Source Files</Filter>
    </ClCompile>
    <ClCompile Include="src\stl\TwoDimVectors.cpp">
      <Filter>Source Files</Filter>
    </ClCompile>
    <ClCompile Include="src\stl\List.cpp">
      <Filter>Source Files</Filter>
    </ClCompile>
    <ClCompile Include="src\stl\Maps.cpp">
      <Filter>Source Files</Filter>
    </ClCompile>
    <ClCompile Include="src\stl\MapCustomValue.cpp">
      <Filter>Source Files</Filter>
    </ClCompile>
    <ClCompile Include="src\stl\MapCustomKey.cpp">
      <Filter>Source Files</Filter>
    </ClCompile>
    <ClCompile Include="src\stl\MultiMap.cpp">
      <Filter>Source Files</Filter>
    </ClCompile>
    <ClCompile Include="src\stl\Set.cpp">
      <Filter>Source Files</Filter>
    </ClCompile>
    <ClCompile Include="src\stl\StacksAndQueues.cpp">
      <Filter>Source Files</Filter>
    </ClCompile>
    <ClCompile Include="src\stl\SortVectors.cpp">
      <Filter>Source Files</Filter>
    </ClCompile>
    <ClCompile Include="src\operators\AssignmentOperator.cpp">
      <Filter>Source Files</Filter>
    </ClCompile>
    <ClCompile Include="src\operators\InsertionOperator.cpp">
      <Filter>Source Files</Filter>
    </ClCompile>
    <ClCompile Include="src\operators\ComplexNumber.cpp">
      <Filter>Source Files</Filter>
    </ClCompile>
    <ClCompile Include="src\templates\UsingTemplates.cpp">
      <Filter>Source Files</Filter>
    </ClCompile>
    <ClCompile Include="src\functions\FunctionPointers.cpp">
      <Filter>Source Files</Filter>
    </ClCompile>
    <ClCompile Include="src\functions\SlicingPoly.cpp">
      <Filter>Source Files</Filter>
    </ClCompile>
    <ClCompile Include="src\functions\AbstractPureVirtual.cpp">
      <Filter>Source Files</Filter>
    </ClCompile>
    <ClCompile Include="src\functions\Functors.cpp">
      <Filter>Source Files</Filter>
    </ClCompile>
    <ClCompile Include="src\cpp11\TypesMangling.cpp">
      <Filter>Source Files</Filter>
    </ClCompile>
    <ClCompile Include="src\cpp11\AutoKeyword.cpp">
      <Filter>Source Files</Filter>
    </ClCompile>
    <ClCompile Include="src\cpp11\NestedTemplateClass.cpp">
      <Filter>Source Files</Filter>
    </ClCompile>
    <ClCompile Include="src\cpp11\Initializations.cpp">
      <Filter>Source Files</Filter>
    </ClCompile>
    <ClCompile Include="src\cpp11\InitializerList.cpp">
      <Filter>Source Files</Filter>
    </ClCompile>
    <ClCompile Include="src\cpp11\ObjectInitDefaultDelete.cpp">
      <Filter>Source Files</Filter>
    </ClCompile>
    <ClCompile Include="src\cpp11\Lambdas.cpp">
      <Filter>Source Files</Filter>
    </ClCompile>
    <ClCompile Include="src\cpp11\StandardFunction.cpp">
      <Filter>Source Files</Filter>
    </ClCompile>
    <ClCompile Include="src\cpp11\DelegatingConstructor.cpp">
      <Filter>Source Files</Filter>
    </ClCompile>
    <ClCompile Include="src\cpp11\Elision.cpp">
      <Filter>Source Files</Filter>
    </ClCompile>
    <ClCompile Include="src\cpp11\MemoryMgmt.cpp">
      <Filter>Source Files</Filter>
    </ClCompile>
    <ClCompile Include="src\cpp11\MoveConstructors.cpp">
      <Filter>Source Files</Filter>
    </ClCompile>
    <ClCompile Include="src\cpp11\Casts.cpp">
      <Filter>Source Files</Filter>
    </ClCompile>
    <ClCompile Include="src\cpp11\PerfectForwarding.cpp">
      <Filter>Source Files</Filter>
    </ClCompile>
    <ClCompile Include="src\cpp11\Bind.cpp">
      <Filter>Source Files</Filter>
    </ClCompile>
    <ClCompile Include="src\cpp11\SmartPointers.cpp">
      <Filter>Source Files</Filter>
    </ClCompile>
    <ClCompile Include="src\cpp11\SharedPointers.cpp">
      <Filter>Source Files</Filter>
    </ClCompile>
    <ClCompile Include="src\bonus\MultipleInheritance.cpp">
      <Filter>Source Files</Filter>
    </ClCompile>
  </ItemGroup>
</Project>